Microsoft Visual Studio Solution File, Format Version 12.00
# Visual Studio 15
VisualStudioVersion = 15.0.27004.2008
MinimumVisualStudioVersion = 15.0
Project("{1EB8EC34-275C-42FE-A428-745876ABC6CC}") = "Oxide.Rust", "src\Oxide.Rust.csproj", "{87568E26-BF3C-4A14-A3C4-8B74616D6FA9}"
EndProject
Global
	GlobalSection(SolutionConfigurationPlatforms) = preSolution
		Debug|Any CPU = Debug|Any CPU
		Release|Any CPU = Release|Any CPU
	EndGlobalSection
	GlobalSection(ProjectConfigurationPlatforms) = postSolution
		{87568E26-BF3C-4A14-A3C4-8B74616D6FA9}.Debug|Any CPU.ActiveCfg = Debug|Any CPU
		{87568E26-BF3C-4A14-A3C4-8B74616D6FA9}.Debug|Any CPU.Build.0 = Debug|Any CPU
		{87568E26-BF3C-4A14-A3C4-8B74616D6FA9}.Release|Any CPU.ActiveCfg = Release|Any CPU
		{87568E26-BF3C-4A14-A3C4-8B74616D6FA9}.Release|Any CPU.Build.0 = Release|Any CPU
	EndGlobalSection
EndGlobal
